
Microsoft Visual Studio Solution File, Format Version 12.00
# Visual Studio 15
VisualStudioVersion = 15.0.26124.0
MinimumVisualStudioVersion = 15.0.26124.0
Project("{2150E333-8FDC-42A3-9474-1A3956D46DE8}") = "src", "src", "{05E9C88A-DC77-4742-91E9-97C3E8D264C7}"
EndProject
Project("{FAE04EC0-301F-11D3-BF4B-00C04F79EFBC}") = "grade-book", "src\GradeBook\grade-book.csproj", "{0C633FFD-7A99-4455-AA40-6D6862DFDCF5}"
EndProject
Project("{FAE04EC0-301F-11D3-BF4B-00C04F79EFBC}") = "tests", "tests\tests.csproj", "{B671E551-56DB-4407-927F-44D5AE0228B0}"
EndProject
Global
	GlobalSection(SolutionConfigurationPlatforms) = preSolution
		Debug|Any CPU = Debug|Any CPU
		Debug|x64 = Debug|x64
		Debug|x86 = Debug|x86
		Release|Any CPU = Release|Any CPU
		Release|x64 = Release|x64
		Release|x86 = Release|x86
	EndGlobalSection
	GlobalSection(SolutionProperties) = preSolution
		HideSolutionNode = FALSE
	EndGlobalSection
	GlobalSection(ProjectConfigurationPlatforms) = postSolution
		{0C633FFD-7A99-4455-AA40-6D6862DFDCF5}.Debug|Any CPU.ActiveCfg = Debug|Any CPU
		{0C633FFD-7A99-4455-AA40-6D6862DFDCF5}.Debug|Any CPU.Build.0 = Debug|Any CPU
		{0C633FFD-7A99-4455-AA40-6D6862DFDCF5}.Debug|x64.ActiveCfg = Debug|Any CPU
		{0C633FFD-7A99-4455-AA40-6D6862DFDCF5}.Debug|x64.Build.0 = Debug|Any CPU
		{0C633FFD-7A99-4455-AA40-6D6862DFDCF5}.Debug|x86.ActiveCfg = Debug|Any CPU
		{0C633FFD-7A99-4455-AA40-6D6862DFDCF5}.Debug|x86.Build.0 = Debug|Any CPU
		{0C633FFD-7A99-4455-AA40-6D6862DFDCF5}.Release|Any CPU.ActiveCfg = Release|Any CPU
		{0C633FFD-7A99-4455-AA40-6D6862DFDCF5}.Release|Any CPU.Build.0 = Release|Any CPU
		{0C633FFD-7A99-4455-AA40-6D6862DFDCF5}.Release|x64.ActiveCfg = Release|Any CPU
		{0C633FFD-7A99-4455-AA40-6D6862DFDCF5}.Release|x64.Build.0 = Release|Any CPU
		{0C633FFD-7A99-4455-AA40-6D6862DFDCF5}.Release|x86.ActiveCfg = Release|Any CPU
		{0C633FFD-7A99-4455-AA40-6D6862DFDCF5}.Release|x86.Build.0 = Release|Any CPU
		{B671E551-56DB-4407-927F-44D5AE0228B0}.Debug|Any CPU.ActiveCfg = Debug|Any CPU
		{B671E551-56DB-4407-927F-44D5AE0228B0}.Debug|Any CPU.Build.0 = Debug|Any CPU
		{B671E551-56DB-4407-927F-44D5AE0228B0}.Debug|x64.ActiveCfg = Debug|Any CPU
		{B671E551-56DB-4407-927F-44D5AE0228B0}.Debug|x64.Build.0 = Debug|Any CPU
		{B671E551-56DB-4407-927F-44D5AE0228B0}.Debug|x86.ActiveCfg = Debug|Any CPU
		{B671E551-56DB-4407-927F-44D5AE0228B0}.Debug|x86.Build.0 = Debug|Any CPU
		{B671E551-56DB-4407-927F-44D5AE0228B0}.Release|Any CPU.ActiveCfg = Release|Any CPU
		{B671E551-56DB-4407-927F-44D5AE0228B0}.Release|Any CPU.Build.0 = Release|Any CPU
		{B671E551-56DB-4407-927F-44D5AE0228B0}.Release|x64.ActiveCfg = Release|Any CPU
		{B671E551-56DB-4407-927F-44D5AE0228B0}.Release|x64.Build.0 = Release|Any CPU
		{B671E551-56DB-4407-927F-44D5AE0228B0}.Release|x86.ActiveCfg = Release|Any CPU
		{B671E551-56DB-4407-927F-44D5AE0228B0}.Release|x86.Build.0 = Release|Any CPU
	EndGlobalSection
	GlobalSection(NestedProjects) = preSolution
		{0C633FFD-7A99-4455-AA40-6D6862DFDCF5} = {05E9C88A-DC77-4742-91E9-97C3E8D264C7}
	EndGlobalSection
EndGlobal
